
Microsoft Visual Studio Solution File, Format Version 12.00
Project("{5e5761c2-81f7-4b8a-9f25-33333fafb78b}") = "BepInNetcodePatcher", "BepInNetcodePatcher\BepInNetcodePatcher.csproj", "{45fc84d3-4398-45ba-8a36-e25f3febf317}"
EndProject
Project("{5e5761c2-81f7-4b8a-9f25-33333fafb78b}") = "NetcodePatcher", "NetcodePatcher\NetcodePatcher.csproj", "{7ee0503c-4088-422f-998a-7ac083fa332f}"
EndProject
Project("{5e5761c2-81f7-4b8a-9f25-33333fafb78b}") = "NetcodePatcher.Cli", "NetcodePatcher.Cli\NetcodePatcher.Cli.csproj", "{16278906-a49d-40a5-81f0-2beabf9d6c28}"
EndProject
Project("{5e5761c2-81f7-4b8a-9f25-33333fafb78b}") = "NetcodePatcher.MSBuild", "NetcodePatcher.MSBuild\NetcodePatcher.MSBuild.csproj", "{4f13a1c9-5927-4071-8c96-314a7ee1dfa5}"
EndProject
Global
	GlobalSection(SolutionConfigurationPlatforms) = preSolution
		Debug|Any CPU = Debug|Any CPU
		Release|Any CPU = Release|Any CPU
	EndGlobalSection
	GlobalSection(ProjectConfigurationPlatforms) = postSolution
	    {45fc84d3-4398-45ba-8a36-e25f3febf317}.Debug|Any CPU.ActiveCfg = Debug|Any CPU
        {45fc84d3-4398-45ba-8a36-e25f3febf317}.Debug|Any CPU.Build.0 = Debug|Any CPU
        {45fc84d3-4398-45ba-8a36-e25f3febf317}.Release|Any CPU.ActiveCfg = Release|Any CPU
        {45fc84d3-4398-45ba-8a36-e25f3febf317}.Release|Any CPU.Build.0 = Release|Any CPU
		{7ee0503c-4088-422f-998a-7ac083fa332f}.Debug|Any CPU.ActiveCfg = Debug|Any CPU
		{7ee0503c-4088-422f-998a-7ac083fa332f}.Debug|Any CPU.Build.0 = Debug|Any CPU
		{7ee0503c-4088-422f-998a-7ac083fa332f}.Release|Any CPU.ActiveCfg = Release|Any CPU
		{7ee0503c-4088-422f-998a-7ac083fa332f}.Release|Any CPU.Build.0 = Release|Any CPU
        {16278906-a49d-40a5-81f0-2beabf9d6c28}.Debug|Any CPU.ActiveCfg = Debug|Any CPU
        {16278906-a49d-40a5-81f0-2beabf9d6c28}.Debug|Any CPU.Build.0 = Debug|Any CPU
        {16278906-a49d-40a5-81f0-2beabf9d6c28}.Release|Any CPU.ActiveCfg = Release|Any CPU
        {16278906-a49d-40a5-81f0-2beabf9d6c28}.Release|Any CPU.Build.0 = Release|Any CPU
        {4f13a1c9-5927-4071-8c96-314a7ee1dfa5}.Debug|Any CPU.ActiveCfg = Debug|Any CPU
        {4f13a1c9-5927-4071-8c96-314a7ee1dfa5}.Debug|Any CPU.Build.0 = Debug|Any CPU
        {4f13a1c9-5927-4071-8c96-314a7ee1dfa5}.Release|Any CPU.ActiveCfg = Release|Any CPU
        {4f13a1c9-5927-4071-8c96-314a7ee1dfa5}.Release|Any CPU.Build.0 = Release|Any CPU
	EndGlobalSection
EndGlobal
